
Microsoft Visual Studio Solution File, Format Version 12.00
# Visual Studio Version 17
VisualStudioVersion = 17.5.002.0
MinimumVisualStudioVersion = 10.0.40219.1
Project("{9A19103F-16F7-4668-BE54-9A1E7A4F7556}") = "DarkkestP3.API", "DarkkestP3.API\DarkkestP3.API.csproj", "{3D3F94AF-CAC9-48C5-9926-BE1C0369AFEC}"
EndProject
Project("{FAE04EC0-301F-11D3-BF4B-00C04F79EFBC}") = "DarkkestP3.Tests", "DarkkestP3.Tests\DarkkestP3.Tests.csproj", "{86435F42-D088-4F34-B4B7-F72E7E02D583}"
EndProject
Global
	GlobalSection(SolutionConfigurationPlatforms) = preSolution
		Debug|Any CPU = Debug|Any CPU
		Release|Any CPU = Release|Any CPU
	EndGlobalSection
	GlobalSection(ProjectConfigurationPlatforms) = postSolution
		{3D3F94AF-CAC9-48C5-9926-BE1C0369AFEC}.Debug|Any CPU.ActiveCfg = Debug|Any CPU
		{3D3F94AF-CAC9-48C5-9926-BE1C0369AFEC}.Debug|Any CPU.Build.0 = Debug|Any CPU
		{3D3F94AF-CAC9-48C5-9926-BE1C0369AFEC}.Release|Any CPU.ActiveCfg = Release|Any CPU
		{3D3F94AF-CAC9-48C5-9926-BE1C0369AFEC}.Release|Any CPU.Build.0 = Release|Any CPU
		{86435F42-D088-4F34-B4B7-F72E7E02D583}.Debug|Any CPU.ActiveCfg = Debug|Any CPU
		{86435F42-D088-4F34-B4B7-F72E7E02D583}.Debug|Any CPU.Build.0 = Debug|Any CPU
		{86435F42-D088-4F34-B4B7-F72E7E02D583}.Release|Any CPU.ActiveCfg = Release|Any CPU
		{86435F42-D088-4F34-B4B7-F72E7E02D583}.Release|Any CPU.Build.0 = Release|Any CPU
	EndGlobalSection
	GlobalSection(SolutionProperties) = preSolution
		HideSolutionNode = FALSE
	EndGlobalSection
	GlobalSection(ExtensibilityGlobals) = postSolution
		SolutionGuid = {FF63411F-1CA7-4535-B743-AF15065D0BBA}
	EndGlobalSection
EndGlobal
